
Microsoft Visual Studio Solution File, Format Version 12.00
# Visual Studio Version 17
VisualStudioVersion = 17.3.32901.215
MinimumVisualStudioVersion = 10.0.40219.1
Project("{FAE04EC0-301F-11D3-BF4B-00C04F79EFBC}") = "Localization", "Localization\Localization.csproj", "{BCBBB1A5-4030-4A4B-B24D-C302F9A08061}"
EndProject
Global
	GlobalSection(SolutionConfigurationPlatforms) = preSolution
		Debug|Any CPU = Debug|Any CPU
		Release|Any CPU = Release|Any CPU
	EndGlobalSection
	GlobalSection(ProjectConfigurationPlatforms) = postSolution
		{BCBBB1A5-4030-4A4B-B24D-C302F9A08061}.Debug|Any CPU.ActiveCfg = Debug|Any CPU
		{BCBBB1A5-4030-4A4B-B24D-C302F9A08061}.Debug|Any CPU.Build.0 = Debug|Any CPU
		{BCBBB1A5-4030-4A4B-B24D-C302F9A08061}.Release|Any CPU.ActiveCfg = Release|Any CPU
		{BCBBB1A5-4030-4A4B-B24D-C302F9A08061}.Release|Any CPU.Build.0 = Release|Any CPU
	EndGlobalSection
	GlobalSection(SolutionProperties) = preSolution
		HideSolutionNode = FALSE
	EndGlobalSection
	GlobalSection(ExtensibilityGlobals) = postSolution
		SolutionGuid = {840EA8BF-ECA0-491E-84AF-8129D422CDC1}
	EndGlobalSection
EndGlobal
